
Microsoft Visual Studio Solution File, Format Version 12.00
# Visual Studio Version 16
VisualStudioVersion = 16.0.29306.81
MinimumVisualStudioVersion = 10.0.40219.1
Project("{FAE04EC0-301F-11D3-BF4B-00C04F79EFBC}") = "SampleWebApi", "SampleWebApi\SampleWebApi.csproj", "{37321ACA-3BAE-4261-ABAF-E8B8363E942F}"
EndProject
Project("{FAE04EC0-301F-11D3-BF4B-00C04F79EFBC}") = "sampleWebApiTest", "sampleWebApiTest\sampleWebApiTest.csproj", "{32FBADB0-6A33-4791-868C-EF9C62236CFC}"
EndProject
Global
	GlobalSection(SolutionConfigurationPlatforms) = preSolution
		Debug|Any CPU = Debug|Any CPU
		Release|Any CPU = Release|Any CPU
	EndGlobalSection
	GlobalSection(ProjectConfigurationPlatforms) = postSolution
		{37321ACA-3BAE-4261-ABAF-E8B8363E942F}.Debug|Any CPU.ActiveCfg = Debug|Any CPU
		{37321ACA-3BAE-4261-ABAF-E8B8363E942F}.Debug|Any CPU.Build.0 = Debug|Any CPU
		{37321ACA-3BAE-4261-ABAF-E8B8363E942F}.Release|Any CPU.ActiveCfg = Release|Any CPU
		{37321ACA-3BAE-4261-ABAF-E8B8363E942F}.Release|Any CPU.Build.0 = Release|Any CPU
		{32FBADB0-6A33-4791-868C-EF9C62236CFC}.Debug|Any CPU.ActiveCfg = Debug|Any CPU
		{32FBADB0-6A33-4791-868C-EF9C62236CFC}.Debug|Any CPU.Build.0 = Debug|Any CPU
		{32FBADB0-6A33-4791-868C-EF9C62236CFC}.Release|Any CPU.ActiveCfg = Release|Any CPU
		{32FBADB0-6A33-4791-868C-EF9C62236CFC}.Release|Any CPU.Build.0 = Release|Any CPU
	EndGlobalSection
	GlobalSection(SolutionProperties) = preSolution
		HideSolutionNode = FALSE
	EndGlobalSection
	GlobalSection(ExtensibilityGlobals) = postSolution
		SolutionGuid = {5D5983C3-42B0-4A62-A103-0B7DBBA75136}
	EndGlobalSection
EndGlobal
